
Microsoft Visual Studio Solution File, Format Version 12.00
Project("{FAE04EC0-301F-11D3-BF4B-00C04F79EFBC}") = "Yadl", "src\Yadl\Yadl.csproj", "{ADA314DB-CDE8-4848-A97B-D40BA015E658}"
EndProject
Project("{FAE04EC0-301F-11D3-BF4B-00C04F79EFBC}") = "Yadl.Tests", "test\Yadl.Tests\Yadl.Tests.csproj", "{D7CA5EB1-F016-4D72-9846-64CF85BB44E3}"
EndProject
Project("{FAE04EC0-301F-11D3-BF4B-00C04F79EFBC}") = "Yadl.PerformanceTests", "test\Yadl.PerformanceTests\Yadl.PerformanceTests.csproj", "{F2D55472-99CB-45BA-B1BF-CBA925BBACD7}"
EndProject
Project("{FAE04EC0-301F-11D3-BF4B-00C04F79EFBC}") = "WebApplication", "WebApplication\WebApplication.csproj", "{A9FCC558-7E13-45C9-AC10-0E28CF37B763}"
EndProject
Global
	GlobalSection(SolutionConfigurationPlatforms) = preSolution
		Debug|Any CPU = Debug|Any CPU
		Release|Any CPU = Release|Any CPU
	EndGlobalSection
	GlobalSection(ProjectConfigurationPlatforms) = postSolution
		{ADA314DB-CDE8-4848-A97B-D40BA015E658}.Debug|Any CPU.ActiveCfg = Debug|Any CPU
		{ADA314DB-CDE8-4848-A97B-D40BA015E658}.Debug|Any CPU.Build.0 = Debug|Any CPU
		{ADA314DB-CDE8-4848-A97B-D40BA015E658}.Release|Any CPU.ActiveCfg = Release|Any CPU
		{ADA314DB-CDE8-4848-A97B-D40BA015E658}.Release|Any CPU.Build.0 = Release|Any CPU
		{D7CA5EB1-F016-4D72-9846-64CF85BB44E3}.Debug|Any CPU.ActiveCfg = Debug|Any CPU
		{D7CA5EB1-F016-4D72-9846-64CF85BB44E3}.Debug|Any CPU.Build.0 = Debug|Any CPU
		{D7CA5EB1-F016-4D72-9846-64CF85BB44E3}.Release|Any CPU.ActiveCfg = Release|Any CPU
		{D7CA5EB1-F016-4D72-9846-64CF85BB44E3}.Release|Any CPU.Build.0 = Release|Any CPU
		{F2D55472-99CB-45BA-B1BF-CBA925BBACD7}.Debug|Any CPU.ActiveCfg = Debug|Any CPU
		{F2D55472-99CB-45BA-B1BF-CBA925BBACD7}.Debug|Any CPU.Build.0 = Debug|Any CPU
		{F2D55472-99CB-45BA-B1BF-CBA925BBACD7}.Release|Any CPU.ActiveCfg = Release|Any CPU
		{F2D55472-99CB-45BA-B1BF-CBA925BBACD7}.Release|Any CPU.Build.0 = Release|Any CPU
		{A9FCC558-7E13-45C9-AC10-0E28CF37B763}.Debug|Any CPU.ActiveCfg = Debug|Any CPU
		{A9FCC558-7E13-45C9-AC10-0E28CF37B763}.Debug|Any CPU.Build.0 = Debug|Any CPU
		{A9FCC558-7E13-45C9-AC10-0E28CF37B763}.Release|Any CPU.ActiveCfg = Release|Any CPU
		{A9FCC558-7E13-45C9-AC10-0E28CF37B763}.Release|Any CPU.Build.0 = Release|Any CPU
	EndGlobalSection
EndGlobal
